
Microsoft Visual Studio Solution File, Format Version 12.00
# Visual Studio Version 17
VisualStudioVersion = 17.0.31912.275
MinimumVisualStudioVersion = 10.0.40219.1
Project("{9A19103F-16F7-4668-BE54-9A1E7A4F7556}") = "WeatherAPI", "WeatherAPI\WeatherAPI.csproj", "{B0A7256D-7385-4BF9-8F99-90D3C329169D}"
EndProject
Project("{9A19103F-16F7-4668-BE54-9A1E7A4F7556}") = "WeatherApp", "WeatherApp\WeatherApp.csproj", "{F9E93C4B-69A6-4D7B-BBB9-B5749533A7A6}"
EndProject
Project("{2150E333-8FDC-42A3-9474-1A3956D46DE8}") = "Solution Items", "Solution Items", "{006BF085-DD7F-4F40-AD55-224A43BAB990}"
	ProjectSection(SolutionItems) = preProject
		dapr_commands.txt = dapr_commands.txt
	EndProjectSection
EndProject
Global
	GlobalSection(SolutionConfigurationPlatforms) = preSolution
		Debug|Any CPU = Debug|Any CPU
		Release|Any CPU = Release|Any CPU
	EndGlobalSection
	GlobalSection(ProjectConfigurationPlatforms) = postSolution
		{B0A7256D-7385-4BF9-8F99-90D3C329169D}.Debug|Any CPU.ActiveCfg = Debug|Any CPU
		{B0A7256D-7385-4BF9-8F99-90D3C329169D}.Debug|Any CPU.Build.0 = Debug|Any CPU
		{B0A7256D-7385-4BF9-8F99-90D3C329169D}.Release|Any CPU.ActiveCfg = Release|Any CPU
		{B0A7256D-7385-4BF9-8F99-90D3C329169D}.Release|Any CPU.Build.0 = Release|Any CPU
		{F9E93C4B-69A6-4D7B-BBB9-B5749533A7A6}.Debug|Any CPU.ActiveCfg = Debug|Any CPU
		{F9E93C4B-69A6-4D7B-BBB9-B5749533A7A6}.Debug|Any CPU.Build.0 = Debug|Any CPU
		{F9E93C4B-69A6-4D7B-BBB9-B5749533A7A6}.Release|Any CPU.ActiveCfg = Release|Any CPU
		{F9E93C4B-69A6-4D7B-BBB9-B5749533A7A6}.Release|Any CPU.Build.0 = Release|Any CPU
	EndGlobalSection
	GlobalSection(SolutionProperties) = preSolution
		HideSolutionNode = FALSE
	EndGlobalSection
	GlobalSection(ExtensibilityGlobals) = postSolution
		SolutionGuid = {A3CE8976-E641-40E1-BC10-EEE703E1BADF}
	EndGlobalSection
EndGlobal
